
Microsoft Visual Studio Solution File, Format Version 12.00
# Visual Studio Version 16
VisualStudioVersion = 16.0.30225.117
MinimumVisualStudioVersion = 10.0.40219.1
Project("{FAE04EC0-301F-11D3-BF4B-00C04F79EFBC}") = "AulaPOO", "AulaPOO\AulaPOO.csproj", "{45C5E8C6-2829-4C18-9CE6-8EF4DBFD95E8}"
EndProject
Global
	GlobalSection(SolutionConfigurationPlatforms) = preSolution
		Debug|Any CPU = Debug|Any CPU
		Release|Any CPU = Release|Any CPU
	EndGlobalSection
	GlobalSection(ProjectConfigurationPlatforms) = postSolution
		{45C5E8C6-2829-4C18-9CE6-8EF4DBFD95E8}.Debug|Any CPU.ActiveCfg = Debug|Any CPU
		{45C5E8C6-2829-4C18-9CE6-8EF4DBFD95E8}.Debug|Any CPU.Build.0 = Debug|Any CPU
		{45C5E8C6-2829-4C18-9CE6-8EF4DBFD95E8}.Release|Any CPU.ActiveCfg = Release|Any CPU
		{45C5E8C6-2829-4C18-9CE6-8EF4DBFD95E8}.Release|Any CPU.Build.0 = Release|Any CPU
	EndGlobalSection
	GlobalSection(SolutionProperties) = preSolution
		HideSolutionNode = FALSE
	EndGlobalSection
	GlobalSection(ExtensibilityGlobals) = postSolution
		SolutionGuid = {F7DD9452-C787-4483-ABAE-A7FDB7D2133F}
	EndGlobalSection
EndGlobal
